
Microsoft Visual Studio Solution File, Format Version 12.00
# Visual Studio 15
VisualStudioVersion = 15.0.27703.2035
MinimumVisualStudioVersion = 10.0.40219.1
Project("{8BC9CEB8-8B4A-11D0-8D11-00A0C91BC942}") = "백준 1475", "백준 1475\백준 1475.vcxproj", "{6C62EF7A-DDE5-4A41-813A-E8916AA13B89}"
EndProject
Global
	GlobalSection(SolutionConfigurationPlatforms) = preSolution
		Debug|x64 = Debug|x64
		Debug|x86 = Debug|x86
		Release|x64 = Release|x64
		Release|x86 = Release|x86
	EndGlobalSection
	GlobalSection(ProjectConfigurationPlatforms) = postSolution
		{6C62EF7A-DDE5-4A41-813A-E8916AA13B89}.Debug|x64.ActiveCfg = Debug|x64
		{6C62EF7A-DDE5-4A41-813A-E8916AA13B89}.Debug|x64.Build.0 = Debug|x64
		{6C62EF7A-DDE5-4A41-813A-E8916AA13B89}.Debug|x86.ActiveCfg = Debug|Win32
		{6C62EF7A-DDE5-4A41-813A-E8916AA13B89}.Debug|x86.Build.0 = Debug|Win32
		{6C62EF7A-DDE5-4A41-813A-E8916AA13B89}.Release|x64.ActiveCfg = Release|x64
		{6C62EF7A-DDE5-4A41-813A-E8916AA13B89}.Release|x64.Build.0 = Release|x64
		{6C62EF7A-DDE5-4A41-813A-E8916AA13B89}.Release|x86.ActiveCfg = Release|Win32
		{6C62EF7A-DDE5-4A41-813A-E8916AA13B89}.Release|x86.Build.0 = Release|Win32
	EndGlobalSection
	GlobalSection(SolutionProperties) = preSolution
		HideSolutionNode = FALSE
	EndGlobalSection
	GlobalSection(ExtensibilityGlobals) = postSolution
		SolutionGuid = {9DCAA1D4-3118-4C43-BE73-AE7EF2094A2A}
	EndGlobalSection
EndGlobal
