
Microsoft Visual Studio Solution File, Format Version 12.00
# Visual Studio 15
VisualStudioVersion = 15.0.27703.2035
MinimumVisualStudioVersion = 10.0.40219.1
Project("{8BC9CEB8-8B4A-11D0-8D11-00A0C91BC942}") = "백준 12865", "백준 12865\백준 12865.vcxproj", "{2A45C284-EFA9-4059-A361-039160E039A1}"
EndProject
Global
	GlobalSection(SolutionConfigurationPlatforms) = preSolution
		Debug|x64 = Debug|x64
		Debug|x86 = Debug|x86
		Release|x64 = Release|x64
		Release|x86 = Release|x86
	EndGlobalSection
	GlobalSection(ProjectConfigurationPlatforms) = postSolution
		{2A45C284-EFA9-4059-A361-039160E039A1}.Debug|x64.ActiveCfg = Debug|x64
		{2A45C284-EFA9-4059-A361-039160E039A1}.Debug|x64.Build.0 = Debug|x64
		{2A45C284-EFA9-4059-A361-039160E039A1}.Debug|x86.ActiveCfg = Debug|Win32
		{2A45C284-EFA9-4059-A361-039160E039A1}.Debug|x86.Build.0 = Debug|Win32
		{2A45C284-EFA9-4059-A361-039160E039A1}.Release|x64.ActiveCfg = Release|x64
		{2A45C284-EFA9-4059-A361-039160E039A1}.Release|x64.Build.0 = Release|x64
		{2A45C284-EFA9-4059-A361-039160E039A1}.Release|x86.ActiveCfg = Release|Win32
		{2A45C284-EFA9-4059-A361-039160E039A1}.Release|x86.Build.0 = Release|Win32
	EndGlobalSection
	GlobalSection(SolutionProperties) = preSolution
		HideSolutionNode = FALSE
	EndGlobalSection
	GlobalSection(ExtensibilityGlobals) = postSolution
		SolutionGuid = {84533734-1B9B-427D-93E6-2DC03CD31F46}
	EndGlobalSection
EndGlobal
