
Microsoft Visual Studio Solution File, Format Version 12.00
# Visual Studio 15
VisualStudioVersion = 15.0.27703.2035
MinimumVisualStudioVersion = 10.0.40219.1
Project("{8BC9CEB8-8B4A-11D0-8D11-00A0C91BC942}") = "백준 2156", "백준 2156\백준 2156.vcxproj", "{7F4F9FEF-2D96-4B6E-ACEF-01A05252CA2B}"
EndProject
Global
	GlobalSection(SolutionConfigurationPlatforms) = preSolution
		Debug|x64 = Debug|x64
		Debug|x86 = Debug|x86
		Release|x64 = Release|x64
		Release|x86 = Release|x86
	EndGlobalSection
	GlobalSection(ProjectConfigurationPlatforms) = postSolution
		{7F4F9FEF-2D96-4B6E-ACEF-01A05252CA2B}.Debug|x64.ActiveCfg = Debug|x64
		{7F4F9FEF-2D96-4B6E-ACEF-01A05252CA2B}.Debug|x64.Build.0 = Debug|x64
		{7F4F9FEF-2D96-4B6E-ACEF-01A05252CA2B}.Debug|x86.ActiveCfg = Debug|Win32
		{7F4F9FEF-2D96-4B6E-ACEF-01A05252CA2B}.Debug|x86.Build.0 = Debug|Win32
		{7F4F9FEF-2D96-4B6E-ACEF-01A05252CA2B}.Release|x64.ActiveCfg = Release|x64
		{7F4F9FEF-2D96-4B6E-ACEF-01A05252CA2B}.Release|x64.Build.0 = Release|x64
		{7F4F9FEF-2D96-4B6E-ACEF-01A05252CA2B}.Release|x86.ActiveCfg = Release|Win32
		{7F4F9FEF-2D96-4B6E-ACEF-01A05252CA2B}.Release|x86.Build.0 = Release|Win32
	EndGlobalSection
	GlobalSection(SolutionProperties) = preSolution
		HideSolutionNode = FALSE
	EndGlobalSection
	GlobalSection(ExtensibilityGlobals) = postSolution
		SolutionGuid = {DD0C343C-3910-439C-A9A1-5758E9DA0966}
	EndGlobalSection
EndGlobal
