
Microsoft Visual Studio Solution File, Format Version 12.00
# Visual Studio 15
VisualStudioVersion = 15.0.27703.2035
MinimumVisualStudioVersion = 10.0.40219.1
Project("{8BC9CEB8-8B4A-11D0-8D11-00A0C91BC942}") = "백준 1978", "백준 1978\백준 1978.vcxproj", "{74E3B79F-5C8C-4EBB-A503-A540252114AC}"
EndProject
Global
	GlobalSection(SolutionConfigurationPlatforms) = preSolution
		Debug|x64 = Debug|x64
		Debug|x86 = Debug|x86
		Release|x64 = Release|x64
		Release|x86 = Release|x86
	EndGlobalSection
	GlobalSection(ProjectConfigurationPlatforms) = postSolution
		{74E3B79F-5C8C-4EBB-A503-A540252114AC}.Debug|x64.ActiveCfg = Debug|x64
		{74E3B79F-5C8C-4EBB-A503-A540252114AC}.Debug|x64.Build.0 = Debug|x64
		{74E3B79F-5C8C-4EBB-A503-A540252114AC}.Debug|x86.ActiveCfg = Debug|Win32
		{74E3B79F-5C8C-4EBB-A503-A540252114AC}.Debug|x86.Build.0 = Debug|Win32
		{74E3B79F-5C8C-4EBB-A503-A540252114AC}.Release|x64.ActiveCfg = Release|x64
		{74E3B79F-5C8C-4EBB-A503-A540252114AC}.Release|x64.Build.0 = Release|x64
		{74E3B79F-5C8C-4EBB-A503-A540252114AC}.Release|x86.ActiveCfg = Release|Win32
		{74E3B79F-5C8C-4EBB-A503-A540252114AC}.Release|x86.Build.0 = Release|Win32
	EndGlobalSection
	GlobalSection(SolutionProperties) = preSolution
		HideSolutionNode = FALSE
	EndGlobalSection
	GlobalSection(ExtensibilityGlobals) = postSolution
		SolutionGuid = {C11F550A-F434-46F1-80A3-2B90FFEEA566}
	EndGlobalSection
EndGlobal
