
Microsoft Visual Studio Solution File, Format Version 12.00
# Visual Studio 15
VisualStudioVersion = 15.0.27703.2035
MinimumVisualStudioVersion = 10.0.40219.1
Project("{8BC9CEB8-8B4A-11D0-8D11-00A0C91BC942}") = "백준 11720", "백준 11720\백준 11720.vcxproj", "{153C9062-B4BF-48B4-9A0B-89B5DF8818E9}"
EndProject
Global
	GlobalSection(SolutionConfigurationPlatforms) = preSolution
		Debug|x64 = Debug|x64
		Debug|x86 = Debug|x86
		Release|x64 = Release|x64
		Release|x86 = Release|x86
	EndGlobalSection
	GlobalSection(ProjectConfigurationPlatforms) = postSolution
		{153C9062-B4BF-48B4-9A0B-89B5DF8818E9}.Debug|x64.ActiveCfg = Debug|x64
		{153C9062-B4BF-48B4-9A0B-89B5DF8818E9}.Debug|x64.Build.0 = Debug|x64
		{153C9062-B4BF-48B4-9A0B-89B5DF8818E9}.Debug|x86.ActiveCfg = Debug|Win32
		{153C9062-B4BF-48B4-9A0B-89B5DF8818E9}.Debug|x86.Build.0 = Debug|Win32
		{153C9062-B4BF-48B4-9A0B-89B5DF8818E9}.Release|x64.ActiveCfg = Release|x64
		{153C9062-B4BF-48B4-9A0B-89B5DF8818E9}.Release|x64.Build.0 = Release|x64
		{153C9062-B4BF-48B4-9A0B-89B5DF8818E9}.Release|x86.ActiveCfg = Release|Win32
		{153C9062-B4BF-48B4-9A0B-89B5DF8818E9}.Release|x86.Build.0 = Release|Win32
	EndGlobalSection
	GlobalSection(SolutionProperties) = preSolution
		HideSolutionNode = FALSE
	EndGlobalSection
	GlobalSection(ExtensibilityGlobals) = postSolution
		SolutionGuid = {00CBA3DD-8637-41F4-95B3-BAF57685D7B9}
	EndGlobalSection
EndGlobal
