
Microsoft Visual Studio Solution File, Format Version 12.00
# Visual Studio 15
VisualStudioVersion = 15.0.27703.2035
MinimumVisualStudioVersion = 10.0.40219.1
Project("{8BC9CEB8-8B4A-11D0-8D11-00A0C91BC942}") = "백준 5214", "백준 5214\백준 5214.vcxproj", "{AFF26440-B1B4-4AC0-9C85-7F2C96F39477}"
EndProject
Global
	GlobalSection(SolutionConfigurationPlatforms) = preSolution
		Debug|x64 = Debug|x64
		Debug|x86 = Debug|x86
		Release|x64 = Release|x64
		Release|x86 = Release|x86
	EndGlobalSection
	GlobalSection(ProjectConfigurationPlatforms) = postSolution
		{AFF26440-B1B4-4AC0-9C85-7F2C96F39477}.Debug|x64.ActiveCfg = Debug|x64
		{AFF26440-B1B4-4AC0-9C85-7F2C96F39477}.Debug|x64.Build.0 = Debug|x64
		{AFF26440-B1B4-4AC0-9C85-7F2C96F39477}.Debug|x86.ActiveCfg = Debug|Win32
		{AFF26440-B1B4-4AC0-9C85-7F2C96F39477}.Debug|x86.Build.0 = Debug|Win32
		{AFF26440-B1B4-4AC0-9C85-7F2C96F39477}.Release|x64.ActiveCfg = Release|x64
		{AFF26440-B1B4-4AC0-9C85-7F2C96F39477}.Release|x64.Build.0 = Release|x64
		{AFF26440-B1B4-4AC0-9C85-7F2C96F39477}.Release|x86.ActiveCfg = Release|Win32
		{AFF26440-B1B4-4AC0-9C85-7F2C96F39477}.Release|x86.Build.0 = Release|Win32
	EndGlobalSection
	GlobalSection(SolutionProperties) = preSolution
		HideSolutionNode = FALSE
	EndGlobalSection
	GlobalSection(ExtensibilityGlobals) = postSolution
		SolutionGuid = {195334EA-6888-4615-9544-2DE07898DD6D}
	EndGlobalSection
EndGlobal
